
Microsoft Visual Studio Solution File, Format Version 12.00
# Visual Studio Version 17
VisualStudioVersion = 17.1.31911.260
MinimumVisualStudioVersion = 10.0.40219.1
Project("{9A19103F-16F7-4668-BE54-9A1E7A4F7556}") = "Chat Server", "Chat Server\Chat Server.csproj", "{706D04C1-AFDF-4A97-A8A5-145039010928}"
EndProject
Project("{9A19103F-16F7-4668-BE54-9A1E7A4F7556}") = "ChatRepository", "ChatRepository\ChatRepository.csproj", "{EB40EFEC-AA66-4492-9B80-F6625D50BCEC}"
EndProject
Project("{E53339B2-1760-4266-BCC7-CA923CBCF16C}") = "docker-compose", "docker-compose.dcproj", "{231915E8-DDA5-40FC-9510-D92349425C43}"
EndProject
Global
	GlobalSection(SolutionConfigurationPlatforms) = preSolution
		Debug|Any CPU = Debug|Any CPU
		Release|Any CPU = Release|Any CPU
	EndGlobalSection
	GlobalSection(ProjectConfigurationPlatforms) = postSolution
		{706D04C1-AFDF-4A97-A8A5-145039010928}.Debug|Any CPU.ActiveCfg = Debug|Any CPU
		{706D04C1-AFDF-4A97-A8A5-145039010928}.Debug|Any CPU.Build.0 = Debug|Any CPU
		{706D04C1-AFDF-4A97-A8A5-145039010928}.Release|Any CPU.ActiveCfg = Release|Any CPU
		{706D04C1-AFDF-4A97-A8A5-145039010928}.Release|Any CPU.Build.0 = Release|Any CPU
		{EB40EFEC-AA66-4492-9B80-F6625D50BCEC}.Debug|Any CPU.ActiveCfg = Debug|Any CPU
		{EB40EFEC-AA66-4492-9B80-F6625D50BCEC}.Debug|Any CPU.Build.0 = Debug|Any CPU
		{EB40EFEC-AA66-4492-9B80-F6625D50BCEC}.Release|Any CPU.ActiveCfg = Release|Any CPU
		{EB40EFEC-AA66-4492-9B80-F6625D50BCEC}.Release|Any CPU.Build.0 = Release|Any CPU
		{231915E8-DDA5-40FC-9510-D92349425C43}.Debug|Any CPU.ActiveCfg = Debug|Any CPU
		{231915E8-DDA5-40FC-9510-D92349425C43}.Debug|Any CPU.Build.0 = Debug|Any CPU
		{231915E8-DDA5-40FC-9510-D92349425C43}.Release|Any CPU.ActiveCfg = Release|Any CPU
		{231915E8-DDA5-40FC-9510-D92349425C43}.Release|Any CPU.Build.0 = Release|Any CPU
	EndGlobalSection
	GlobalSection(SolutionProperties) = preSolution
		HideSolutionNode = FALSE
	EndGlobalSection
	GlobalSection(ExtensibilityGlobals) = postSolution
		SolutionGuid = {A5DEF021-A7B5-4CC3-BED4-94F870F47E65}
	EndGlobalSection
EndGlobal
